
Microsoft Visual Studio Solution File, Format Version 12.00
# Visual Studio Version 17
VisualStudioVersion = 17.7.34003.232
MinimumVisualStudioVersion = 10.0.40219.1
Project("{FAE04EC0-301F-11D3-BF4B-00C04F79EFBC}") = "GameStore.Domain", "GameStore.Domain\GameStore.Domain.csproj", "{3EA85AA6-46AD-42AB-A687-3E2EF0C1C8E2}"
EndProject
Project("{FAE04EC0-301F-11D3-BF4B-00C04F79EFBC}") = "GameStore.WebUI", "GameStore.WebUI\GameStore.WebUI.csproj", "{98B66A3D-4365-4514-B487-244E6A571EFC}"
EndProject
Project("{FAE04EC0-301F-11D3-BF4B-00C04F79EFBC}") = "GameStore.UnitTests", "GameStore.WebUI.Tests\GameStore.UnitTests.csproj", "{89E4A055-FD8A-4ED8-AA40-EAF56E1CB671}"
EndProject
Global
	GlobalSection(SolutionConfigurationPlatforms) = preSolution
		Debug|Any CPU = Debug|Any CPU
		Release|Any CPU = Release|Any CPU
	EndGlobalSection
	GlobalSection(ProjectConfigurationPlatforms) = postSolution
		{3EA85AA6-46AD-42AB-A687-3E2EF0C1C8E2}.Debug|Any CPU.ActiveCfg = Debug|Any CPU
		{3EA85AA6-46AD-42AB-A687-3E2EF0C1C8E2}.Debug|Any CPU.Build.0 = Debug|Any CPU
		{3EA85AA6-46AD-42AB-A687-3E2EF0C1C8E2}.Release|Any CPU.ActiveCfg = Release|Any CPU
		{3EA85AA6-46AD-42AB-A687-3E2EF0C1C8E2}.Release|Any CPU.Build.0 = Release|Any CPU
		{98B66A3D-4365-4514-B487-244E6A571EFC}.Debug|Any CPU.ActiveCfg = Debug|Any CPU
		{98B66A3D-4365-4514-B487-244E6A571EFC}.Debug|Any CPU.Build.0 = Debug|Any CPU
		{98B66A3D-4365-4514-B487-244E6A571EFC}.Release|Any CPU.ActiveCfg = Release|Any CPU
		{98B66A3D-4365-4514-B487-244E6A571EFC}.Release|Any CPU.Build.0 = Release|Any CPU
		{89E4A055-FD8A-4ED8-AA40-EAF56E1CB671}.Debug|Any CPU.ActiveCfg = Debug|Any CPU
		{89E4A055-FD8A-4ED8-AA40-EAF56E1CB671}.Debug|Any CPU.Build.0 = Debug|Any CPU
		{89E4A055-FD8A-4ED8-AA40-EAF56E1CB671}.Release|Any CPU.ActiveCfg = Release|Any CPU
		{89E4A055-FD8A-4ED8-AA40-EAF56E1CB671}.Release|Any CPU.Build.0 = Release|Any CPU
	EndGlobalSection
	GlobalSection(SolutionProperties) = preSolution
		HideSolutionNode = FALSE
	EndGlobalSection
	GlobalSection(ExtensibilityGlobals) = postSolution
		SolutionGuid = {1AA10EED-88DC-430B-911E-05EEB279F4E0}
	EndGlobalSection
EndGlobal
